
Microsoft Visual Studio Solution File, Format Version 12.00
# Visual Studio Version 17
VisualStudioVersion = 17.5.33424.131
MinimumVisualStudioVersion = 10.0.40219.1
Project("{FAE04EC0-301F-11D3-BF4B-00C04F79EFBC}") = "ToyRobotSimulation", "ToyRobotSimulation.csproj", "{3989F911-1699-4CAE-B756-C09C25DCF776}"
EndProject
Project("{FAE04EC0-301F-11D3-BF4B-00C04F79EFBC}") = "SimulatorAppTests", "..\SimulatorAppTests\SimulatorAppTests.csproj", "{FF59312A-F4AF-4876-8D22-8CEE5C6D1E92}"
EndProject
Global
	GlobalSection(SolutionConfigurationPlatforms) = preSolution
		Debug|Any CPU = Debug|Any CPU
		Release|Any CPU = Release|Any CPU
	EndGlobalSection
	GlobalSection(ProjectConfigurationPlatforms) = postSolution
		{3989F911-1699-4CAE-B756-C09C25DCF776}.Debug|Any CPU.ActiveCfg = Debug|Any CPU
		{3989F911-1699-4CAE-B756-C09C25DCF776}.Debug|Any CPU.Build.0 = Debug|Any CPU
		{3989F911-1699-4CAE-B756-C09C25DCF776}.Release|Any CPU.ActiveCfg = Release|Any CPU
		{3989F911-1699-4CAE-B756-C09C25DCF776}.Release|Any CPU.Build.0 = Release|Any CPU
		{FF59312A-F4AF-4876-8D22-8CEE5C6D1E92}.Debug|Any CPU.ActiveCfg = Debug|Any CPU
		{FF59312A-F4AF-4876-8D22-8CEE5C6D1E92}.Debug|Any CPU.Build.0 = Debug|Any CPU
		{FF59312A-F4AF-4876-8D22-8CEE5C6D1E92}.Release|Any CPU.ActiveCfg = Release|Any CPU
		{FF59312A-F4AF-4876-8D22-8CEE5C6D1E92}.Release|Any CPU.Build.0 = Release|Any CPU
	EndGlobalSection
	GlobalSection(SolutionProperties) = preSolution
		HideSolutionNode = FALSE
	EndGlobalSection
	GlobalSection(ExtensibilityGlobals) = postSolution
		SolutionGuid = {0657C170-FF16-4C33-8BF1-5879619B46AB}
	EndGlobalSection
EndGlobal
